Microsoft Visual Studio Solution File, Format Version 12.00
# Visual Studio 15
VisualStudioVersion = 15.0.26228.9
MinimumVisualStudioVersion = 10.0.40219.1
Project("{9A19103F-16F7-4668-BE54-9A1E7A4F7556}") = "PrincipisCapital.Platform.Web", ".\PrincipisCapital.Platform.Web.csproj", "{AE402CE5-F00E-416E-AF66-217E0045CE16}"
EndProject
Project("{9A19103F-16F7-4668-BE54-9A1E7A4F7556}") = "PrincipisCapital.Platfrom.Test", "..\PrincipisCapital.Platfrom.Test\PrincipisCapital.Platfrom.Test.csproj", "{43F59E20-84E2-455C-9CD4-69E7774D99B6}"
EndProject
Global
	GlobalSection(SolutionConfigurationPlatforms) = preSolution
		Debug|Any CPU = Debug|Any CPU
		Release|Any CPU = Release|Any CPU
	EndGlobalSection
	GlobalSection(ProjectConfigurationPlatforms) = postSolution
		{AE402CE5-F00E-416E-AF66-217E0045CE16}.Debug|Any CPU.ActiveCfg = Debug|Any CPU
		{AE402CE5-F00E-416E-AF66-217E0045CE16}.Debug|Any CPU.Build.0 = Debug|Any CPU
		{AE402CE5-F00E-416E-AF66-217E0045CE16}.Release|Any CPU.ActiveCfg = Release|Any CPU
		{AE402CE5-F00E-416E-AF66-217E0045CE16}.Release|Any CPU.Build.0 = Release|Any CPU
		{43F59E20-84E2-455C-9CD4-69E7774D99B6}.Debug|Any CPU.ActiveCfg = Debug|Any CPU
		{43F59E20-84E2-455C-9CD4-69E7774D99B6}.Debug|Any CPU.Build.0 = Debug|Any CPU
		{43F59E20-84E2-455C-9CD4-69E7774D99B6}.Release|Any CPU.ActiveCfg = Release|Any CPU
		{43F59E20-84E2-455C-9CD4-69E7774D99B6}.Release|Any CPU.Build.0 = Release|Any CPU
	EndGlobalSection
	GlobalSection(SolutionProperties) = preSolution
		HideSolutionNode = FALSE
	EndGlobalSection
EndGlobal
